
Microsoft Visual Studio Solution File, Format Version 12.00
# Visual Studio Version 17
VisualStudioVersion = 17.0.32112.339
MinimumVisualStudioVersion = 10.0.40219.1
Project("{FAE04EC0-301F-11D3-BF4B-00C04F79EFBC}") = "GTDFFB_20220318_CompStore", "GTDFFB_20220318_CompStore\GTDFFB_20220318_CompStore.csproj", "{29CF0A3F-0DB0-4697-911D-5C28B724FCD9}"
EndProject
Global
	GlobalSection(SolutionConfigurationPlatforms) = preSolution
		Debug|Any CPU = Debug|Any CPU
		Release|Any CPU = Release|Any CPU
	EndGlobalSection
	GlobalSection(ProjectConfigurationPlatforms) = postSolution
		{29CF0A3F-0DB0-4697-911D-5C28B724FCD9}.Debug|Any CPU.ActiveCfg = Debug|Any CPU
		{29CF0A3F-0DB0-4697-911D-5C28B724FCD9}.Debug|Any CPU.Build.0 = Debug|Any CPU
		{29CF0A3F-0DB0-4697-911D-5C28B724FCD9}.Release|Any CPU.ActiveCfg = Release|Any CPU
		{29CF0A3F-0DB0-4697-911D-5C28B724FCD9}.Release|Any CPU.Build.0 = Release|Any CPU
	EndGlobalSection
	GlobalSection(SolutionProperties) = preSolution
		HideSolutionNode = FALSE
	EndGlobalSection
	GlobalSection(ExtensibilityGlobals) = postSolution
		SolutionGuid = {B622C4B6-A723-41D3-BD1B-0827736859B7}
	EndGlobalSection
EndGlobal
